
Microsoft Visual Studio Solution File, Format Version 12.00
# Visual Studio Version 17
VisualStudioVersion = 17.5.33516.290
MinimumVisualStudioVersion = 10.0.40219.1
Project("{FAE04EC0-301F-11D3-BF4B-00C04F79EFBC}") = "Rhymes", "Rhymes.csproj", "{02BBFAF9-B8D3-49EF-900B-6B21B01E0B2B}"
EndProject
Global
	GlobalSection(SolutionConfigurationPlatforms) = preSolution
		Debug|Any CPU = Debug|Any CPU
		Release|Any CPU = Release|Any CPU
	EndGlobalSection
	GlobalSection(ProjectConfigurationPlatforms) = postSolution
		{02BBFAF9-B8D3-49EF-900B-6B21B01E0B2B}.Debug|Any CPU.ActiveCfg = Debug|Any CPU
		{02BBFAF9-B8D3-49EF-900B-6B21B01E0B2B}.Debug|Any CPU.Build.0 = Debug|Any CPU
		{02BBFAF9-B8D3-49EF-900B-6B21B01E0B2B}.Release|Any CPU.ActiveCfg = Release|Any CPU
		{02BBFAF9-B8D3-49EF-900B-6B21B01E0B2B}.Release|Any CPU.Build.0 = Release|Any CPU
	EndGlobalSection
	GlobalSection(SolutionProperties) = preSolution
		HideSolutionNode = FALSE
	EndGlobalSection
	GlobalSection(ExtensibilityGlobals) = postSolution
		SolutionGuid = {1A40A34A-F0C9-42BE-83E4-7B9CA3EE3ACE}
	EndGlobalSection
EndGlobal
